Microsoft Visual Studio Solution File, Format Version 12.00
# Visual Studio 15
VisualStudioVersion = 15.0.28307.572
MinimumVisualStudioVersion = 10.0.40219.1
Project("{FAE04EC0-301F-11D3-BF4B-00C04F79EFBC}") = "SSCCSET2019", "SSCCSET2019\SSCCSET2019.csproj", "{8B922C88-1BB1-4461-8956-BE3AB13AA550}"
EndProject
Global
	GlobalSection(SolutionConfigurationPlatforms) = preSolution
		Debug|Any CPU = Debug|Any CPU
		Release|Any CPU = Release|Any CPU
	EndGlobalSection
	GlobalSection(ProjectConfigurationPlatforms) = postSolution
		{8B922C88-1BB1-4461-8956-BE3AB13AA550}.Debug|Any CPU.ActiveCfg = Debug|Any CPU
		{8B922C88-1BB1-4461-8956-BE3AB13AA550}.Debug|Any CPU.Build.0 = Debug|Any CPU
		{8B922C88-1BB1-4461-8956-BE3AB13AA550}.Release|Any CPU.ActiveCfg = Release|Any CPU
		{8B922C88-1BB1-4461-8956-BE3AB13AA550}.Release|Any CPU.Build.0 = Release|Any CPU
	EndGlobalSection
	GlobalSection(SolutionProperties) = preSolution
		HideSolutionNode = FALSE
	EndGlobalSection
	GlobalSection(ExtensibilityGlobals) = postSolution
		SolutionGuid = {DF3DA0CC-2FB0-4914-81C4-50891157983B}
	EndGlobalSection
EndGlobal
