
Microsoft Visual Studio Solution File, Format Version 12.00
# Visual Studio 15
VisualStudioVersion = 15.0.28307.852
MinimumVisualStudioVersion = 10.0.40219.1
Project("{FAE04EC0-301F-11D3-BF4B-00C04F79EFBC}") = "SSCCSET2019", "SSCCSET2019\SSCCSET2019.csproj", "{BC6E7278-942B-41AD-8CAD-286D90A0EEFF}"
EndProject
Global
	GlobalSection(SolutionConfigurationPlatforms) = preSolution
		Debug|Any CPU = Debug|Any CPU
		Release|Any CPU = Release|Any CPU
	EndGlobalSection
	GlobalSection(ProjectConfigurationPlatforms) = postSolution
		{BC6E7278-942B-41AD-8CAD-286D90A0EEFF}.Debug|Any CPU.ActiveCfg = Debug|Any CPU
		{BC6E7278-942B-41AD-8CAD-286D90A0EEFF}.Debug|Any CPU.Build.0 = Debug|Any CPU
		{BC6E7278-942B-41AD-8CAD-286D90A0EEFF}.Release|Any CPU.ActiveCfg = Release|Any CPU
		{BC6E7278-942B-41AD-8CAD-286D90A0EEFF}.Release|Any CPU.Build.0 = Release|Any CPU
	EndGlobalSection
	GlobalSection(SolutionProperties) = preSolution
		HideSolutionNode = FALSE
	EndGlobalSection
	GlobalSection(ExtensibilityGlobals) = postSolution
		SolutionGuid = {B6C459B2-9762-4B84-A052-7BDB31820DCA}
	EndGlobalSection
EndGlobal
